
Microsoft Visual Studio Solution File, Format Version 12.00
# Visual Studio 14
VisualStudioVersion = 14.0.25420.1
MinimumVisualStudioVersion = 10.0.40219.1
Project("{2150E333-8FDC-42A3-9474-1A3956D46DE8}") = "src", "src", "{E7F5C442-746B-4FF3-9372-B313597DFD49}"
EndProject
Project("{2150E333-8FDC-42A3-9474-1A3956D46DE8}") = "Solution Items", "Solution Items", "{DA142036-5E80-4E32-98CD-1E71588B1524}"
	ProjectSection(SolutionItems) = preProject
		global.json = global.json
	EndProjectSection
EndProject
Project("{8BB2217D-0F2D-49D1-97BC-3654ED321F3B}") = "HoloJson", "src\HoloJson\HoloJson.xproj", "{4667749E-902A-4516-B7B8-E76E6AA55510}"
EndProject
Project("{2150E333-8FDC-42A3-9474-1A3956D46DE8}") = "test", "test", "{5ECC0779-D77B-40BF-881F-0AECFAE8A1AA}"
EndProject
Project("{8BB2217D-0F2D-49D1-97BC-3654ED321F3B}") = "HoloJson.Tests", "test\HoloJson.Tests\HoloJson.Tests.xproj", "{A8F11373-EDFA-4D25-B636-B2F8A4603013}"
EndProject
Project("{8BB2217D-0F2D-49D1-97BC-3654ED321F3B}") = "HoloJson.Driver", "src\HoloJson.Driver\HoloJson.Driver.xproj", "{A293331F-E7CD-4040-9374-0540B0D0AE54}"
EndProject
Global
	GlobalSection(SolutionConfigurationPlatforms) = preSolution
		Debug|Any CPU = Debug|Any CPU
		Release|Any CPU = Release|Any CPU
	EndGlobalSection
	GlobalSection(ProjectConfigurationPlatforms) = postSolution
		{4667749E-902A-4516-B7B8-E76E6AA55510}.Debug|Any CPU.ActiveCfg = Debug|Any CPU
		{4667749E-902A-4516-B7B8-E76E6AA55510}.Debug|Any CPU.Build.0 = Debug|Any CPU
		{4667749E-902A-4516-B7B8-E76E6AA55510}.Release|Any CPU.ActiveCfg = Release|Any CPU
		{4667749E-902A-4516-B7B8-E76E6AA55510}.Release|Any CPU.Build.0 = Release|Any CPU
		{A8F11373-EDFA-4D25-B636-B2F8A4603013}.Debug|Any CPU.ActiveCfg = Debug|Any CPU
		{A8F11373-EDFA-4D25-B636-B2F8A4603013}.Debug|Any CPU.Build.0 = Debug|Any CPU
		{A8F11373-EDFA-4D25-B636-B2F8A4603013}.Release|Any CPU.ActiveCfg = Release|Any CPU
		{A8F11373-EDFA-4D25-B636-B2F8A4603013}.Release|Any CPU.Build.0 = Release|Any CPU
		{A293331F-E7CD-4040-9374-0540B0D0AE54}.Debug|Any CPU.ActiveCfg = Debug|Any CPU
		{A293331F-E7CD-4040-9374-0540B0D0AE54}.Release|Any CPU.ActiveCfg = Release|Any CPU
	EndGlobalSection
	GlobalSection(SolutionProperties) = preSolution
		HideSolutionNode = FALSE
	EndGlobalSection
	GlobalSection(NestedProjects) = preSolution
		{4667749E-902A-4516-B7B8-E76E6AA55510} = {E7F5C442-746B-4FF3-9372-B313597DFD49}
		{A8F11373-EDFA-4D25-B636-B2F8A4603013} = {5ECC0779-D77B-40BF-881F-0AECFAE8A1AA}
		{A293331F-E7CD-4040-9374-0540B0D0AE54} = {E7F5C442-746B-4FF3-9372-B313597DFD49}
	EndGlobalSection
EndGlobal
